
Microsoft Visual Studio Solution File, Format Version 12.00
# Visual Studio Version 16
VisualStudioVersion = 16.0.31702.278
MinimumVisualStudioVersion = 10.0.40219.1
Project("{FAE04EC0-301F-11D3-BF4B-00C04F79EFBC}") = "Lab4App1", "Lab4App1\Lab4App1.csproj", "{D8FA5182-28C9-48BD-A297-0D38E773CBA2}"
EndProject
Project("{FAE04EC0-301F-11D3-BF4B-00C04F79EFBC}") = "Lab4App1 (вариант 2)", "Lab4App1 (вариант 2)\Lab4App1 (вариант 2).csproj", "{015E07D3-4B39-4C91-BBE6-5A3FAE492E60}"
EndProject
Global
	GlobalSection(SolutionConfigurationPlatforms) = preSolution
		Debug|Any CPU = Debug|Any CPU
		Release|Any CPU = Release|Any CPU
	EndGlobalSection
	GlobalSection(ProjectConfigurationPlatforms) = postSolution
		{D8FA5182-28C9-48BD-A297-0D38E773CBA2}.Debug|Any CPU.ActiveCfg = Debug|Any CPU
		{D8FA5182-28C9-48BD-A297-0D38E773CBA2}.Debug|Any CPU.Build.0 = Debug|Any CPU
		{D8FA5182-28C9-48BD-A297-0D38E773CBA2}.Release|Any CPU.ActiveCfg = Release|Any CPU
		{D8FA5182-28C9-48BD-A297-0D38E773CBA2}.Release|Any CPU.Build.0 = Release|Any CPU
		{015E07D3-4B39-4C91-BBE6-5A3FAE492E60}.Debug|Any CPU.ActiveCfg = Debug|Any CPU
		{015E07D3-4B39-4C91-BBE6-5A3FAE492E60}.Debug|Any CPU.Build.0 = Debug|Any CPU
		{015E07D3-4B39-4C91-BBE6-5A3FAE492E60}.Release|Any CPU.ActiveCfg = Release|Any CPU
		{015E07D3-4B39-4C91-BBE6-5A3FAE492E60}.Release|Any CPU.Build.0 = Release|Any CPU
	EndGlobalSection
	GlobalSection(SolutionProperties) = preSolution
		HideSolutionNode = FALSE
	EndGlobalSection
	GlobalSection(ExtensibilityGlobals) = postSolution
		SolutionGuid = {EF86BE5C-4143-4958-83AB-6CBBF4EAC85B}
	EndGlobalSection
EndGlobal
